
Microsoft Visual Studio Solution File, Format Version 12.00
# Visual Studio 15
VisualStudioVersion = 15.0.28307.271
MinimumVisualStudioVersion = 10.0.40219.1
Project("{8BC9CEB8-8B4A-11D0-8D11-00A0C91BC942}") = "DV", "DV\DV.vcxproj", "{AFFCE762-1F35-480C-8F99-A364769C288E}"
EndProject
Global
	GlobalSection(SolutionConfigurationPlatforms) = preSolution
		Debug|x64 = Debug|x64
		Debug|x86 = Debug|x86
		Release|x64 = Release|x64
		Release|x86 = Release|x86
	EndGlobalSection
	GlobalSection(ProjectConfigurationPlatforms) = postSolution
		{AFFCE762-1F35-480C-8F99-A364769C288E}.Debug|x64.ActiveCfg = Debug|x64
		{AFFCE762-1F35-480C-8F99-A364769C288E}.Debug|x64.Build.0 = Debug|x64
		{AFFCE762-1F35-480C-8F99-A364769C288E}.Debug|x86.ActiveCfg = Debug|Win32
		{AFFCE762-1F35-480C-8F99-A364769C288E}.Debug|x86.Build.0 = Debug|Win32
		{AFFCE762-1F35-480C-8F99-A364769C288E}.Release|x64.ActiveCfg = Release|x64
		{AFFCE762-1F35-480C-8F99-A364769C288E}.Release|x64.Build.0 = Release|x64
		{AFFCE762-1F35-480C-8F99-A364769C288E}.Release|x86.ActiveCfg = Release|Win32
		{AFFCE762-1F35-480C-8F99-A364769C288E}.Release|x86.Build.0 = Release|Win32
	EndGlobalSection
	GlobalSection(SolutionProperties) = preSolution
		HideSolutionNode = FALSE
	EndGlobalSection
	GlobalSection(ExtensibilityGlobals) = postSolution
		SolutionGuid = {F8F59527-3B3E-4F52-A2B1-1E409E940912}
	EndGlobalSection
EndGlobal
